{
  "requires": true,
  "lockfileVersion": 1,
  "dependencies": {
    "Math": {
      "version": "0.0.1-security",
      "resolved": "https://registry.npmjs.org/Math/-/Math-0.0.1-security.tgz",
      "integrity": "sha1-BN38UmIU84ZmFOtw2eWInnDQ9Bk="
    },
    "faker": {
      "version": "4.1.0",
      "resolved": "https://registry.npmjs.org/faker/-/faker-4.1.0.tgz",
      "integrity": "sha1-HkW7vsxndLPBlfrSg1EJxtdIzD8="
    },
    "testcafe-reporter-html": {
      "version": "1.4.6",
      "resolved": "https://registry.npmjs.org/testcafe-reporter-html/-/testcafe-reporter-html-1.4.6.tgz",
      "integrity": "sha512-P3JNxLnl0UaL5hc3Cn4LYYioHgASF5PNTOS34Ym7ClOIU4CnPAe+JruruNvLA3Jf5ZHSd+ix57xAci/Y7mEDmw=="
    }
  }
}
